// !$*UTF8*$!
{
	archiveVersion = 1;
	classes = {
	};
	objectVersion = 56;
	objects = {

/* Begin PBXBuildFile section */
		3E886F424F002C790A5E91CB /* Pods_HomeWork_N2_4_.framework in Frameworks */ = {isa = PBXBuildFile; fileRef = 4CB4F5AA03A40036FF6D8D36 /* Pods_HomeWork_N2_4_.framework */; };
		AF010304295E2D8500D36F40 /* AppDelegate.swift in Sources */ = {isa = PBXBuildFile; fileRef = AF010303295E2D8500D36F40 /* AppDelegate.swift */; };
		AF010306295E2D8500D36F40 /* SceneDelegate.swift in Sources */ = {isa = PBXBuildFile; fileRef = AF010305295E2D8500D36F40 /* SceneDelegate.swift */; };
		AF010308295E2D8500D36F40 /* ViewController.swift in Sources */ = {isa = PBXBuildFile; fileRef = AF010307295E2D8500D36F40 /* ViewController.swift */; };
		AF01030B295E2D8500D36F40 /* Main.storyboard in Resources */ = {isa = PBXBuildFile; fileRef = AF010309295E2D8500D36F40 /* Main.storyboard */; };
		AF01030D295E2D8700D36F40 /* Assets.xcassets in Resources */ = {isa = PBXBuildFile; fileRef = AF01030C295E2D8700D36F40 /* Assets.xcassets */; };
		AF010310295E2D8700D36F40 /* LaunchScreen.storyboard in Resources */ = {isa = PBXBuildFile; fileRef = AF01030E295E2D8700D36F40 /* LaunchScreen.storyboard */; };
		AF01031B295E2D8700D36F40 /* HomeWork_N2_4_Tests.swift in Sources */ = {isa = PBXBuildFile; fileRef = AF01031A295E2D8700D36F40 /* HomeWork_N2_4_Tests.swift */; };
		AF010325295E2D8700D36F40 /* HomeWork_N2_4_UITests.swift in Sources */ = {isa = PBXBuildFile; fileRef = AF010324295E2D8700D36F40 /* HomeWork_N2_4_UITests.swift */; };
		AF010327295E2D8700D36F40 /* HomeWork_N2_4_UITestsLaunchTests.swift in Sources */ = {isa = PBXBuildFile; fileRef = AF010326295E2D8700D36F40 /* HomeWork_N2_4_UITestsLaunchTests.swift */; };
		AF010334295E2F1700D36F40 /* User.swift in Sources */ = {isa = PBXBuildFile; fileRef = AF010333295E2F1700D36F40 /* User.swift */; };
		AF010336295E2F3900D36F40 /* ProfileView.swift in Sources */ = {isa = PBXBuildFile; fileRef = AF010335295E2F3900D36F40 /* ProfileView.swift */; };
		AF010338295E2FCA00D36F40 /* NetworkManager.swift in Sources */ = {isa = PBXBuildFile; fileRef = AF010337295E2FCA00D36F40 /* NetworkManager.swift */; };
		AF01033A295E300B00D36F40 /* BeerDescritionVC.swift in Sources */ = {isa = PBXBuildFile; fileRef = AF010339295E300B00D36F40 /* BeerDescritionVC.swift */; };
		AF01033C295E302700D36F40 /* Beer.swift in Sources */ = {isa = PBXBuildFile; fileRef = AF01033B295E302700D36F40 /* Beer.swift */; };
		AF01033F295E306000D36F40 /* AuthModel.swift in Sources */ = {isa = PBXBuildFile; fileRef = AF01033E295E306000D36F40 /* AuthModel.swift */; };
		AF010341295E308100D36F40 /* AuthController.swift in Sources */ = {isa = PBXBuildFile; fileRef = AF010340295E308100D36F40 /* AuthController.swift */; };
		BCFD9AADB612776ABADEB275 /* Pods_HomeWork_N2_4_Tests.framework in Frameworks */ = {isa = PBXBuildFile; fileRef = 971712DB098D2C43CDCB94B4 /* Pods_HomeWork_N2_4_Tests.framework */; };
		EBA58B1D740E62DC0C89B3E6 /* Pods_HomeWork_N2_4__HomeWork_N2_4_UITests.framework in Frameworks */ = {isa = PBXBuildFile; fileRef = 3C3CBF5CF371B16012506B70 /* Pods_HomeWork_N2_4__HomeWork_N2_4_UITests.framework */; };
/* End PBXBuildFile section */

/* Begin PBXContainerItemProxy section */
		AF010317295E2D8700D36F40 /* PBXContainerItemProxy */ = {
			isa = PBXContainerItemProxy;
			containerPortal = AF0102F8295E2D8500D36F40 /* Project object */;
			proxyType = 1;
			remoteGlobalIDString = AF0102FF295E2D8500D36F40;
			remoteInfo = "HomeWork N2(4)";
		};
		AF010321295E2D8700D36F40 /* PBXContainerItemProxy */ = {
			isa = PBXContainerItemProxy;
			containerPortal = AF0102F8295E2D8500D36F40 /* Project object */;
			proxyType = 1;
			remoteGlobalIDString = AF0102FF295E2D8500D36F40;
			remoteInfo = "HomeWork N2(4)";
		};
/* End PBXContainerItemProxy section */

/* Begin PBXFileReference section */
		1053660A2EDAC6B92EAC397F /* Pods-HomeWork N2(4)Tests.debug.xcconfig */ = {isa = PBXFileReference; includeInIndex = 1; lastKnownFileType = text.xcconfig; name = "Pods-HomeWork N2(4)Tests.debug.xcconfig"; path = "Target Support Files/Pods-HomeWork N2(4)Tests/Pods-HomeWork N2(4)Tests.debug.xcconfig"; sourceTree = "<group>"; };
		16A9A9176B69FA5D06562DE4 /* Pods-HomeWork N2(4).release.xcconfig */ = {isa = PBXFileReference; includeInIndex = 1; lastKnownFileType = text.xcconfig; name = "Pods-HomeWork N2(4).release.xcconfig"; path = "Target Support Files/Pods-HomeWork N2(4)/Pods-HomeWork N2(4).release.xcconfig"; sourceTree = "<group>"; };
		3C3CBF5CF371B16012506B70 /* Pods_HomeWork_N2_4__HomeWork_N2_4_UITests.framework */ = {isa = PBXFileReference; explicitFileType = wrapper.framework; includeInIndex = 0; path = Pods_HomeWork_N2_4__HomeWork_N2_4_UITests.framework; sourceTree = BUILT_PRODUCTS_DIR; };
		4CB4F5AA03A40036FF6D8D36 /* Pods_HomeWork_N2_4_.framework */ = {isa = PBXFileReference; explicitFileType = wrapper.framework; includeInIndex = 0; path = Pods_HomeWork_N2_4_.framework; sourceTree = BUILT_PRODUCTS_DIR; };
		8B34565563B833DFC18A8081 /* Pods-HomeWork N2(4)Tests.release.xcconfig */ = {isa = PBXFileReference; includeInIndex = 1; lastKnownFileType = text.xcconfig; name = "Pods-HomeWork N2(4)Tests.release.xcconfig"; path = "Target Support Files/Pods-HomeWork N2(4)Tests/Pods-HomeWork N2(4)Tests.release.xcconfig"; sourceTree = "<group>"; };
		971712DB098D2C43CDCB94B4 /* Pods_HomeWork_N2_4_Tests.framework */ = {isa = PBXFileReference; explicitFileType = wrapper.framework; includeInIndex = 0; path = Pods_HomeWork_N2_4_Tests.framework; sourceTree = BUILT_PRODUCTS_DIR; };
		A007C0C74BB3D5858A775939 /* Pods-HomeWork N2(4)-HomeWork N2(4)UITests.release.xcconfig */ = {isa = PBXFileReference; includeInIndex = 1; lastKnownFileType = text.xcconfig; name = "Pods-HomeWork N2(4)-HomeWork N2(4)UITests.release.xcconfig"; path = "Target Support Files/Pods-HomeWork N2(4)-HomeWork N2(4)UITests/Pods-HomeWork N2(4)-HomeWork N2(4)UITests.release.xcconfig"; sourceTree = "<group>"; };
		AF010300295E2D8500D36F40 /* HomeWork N2(4).app */ = {isa = PBXFileReference; explicitFileType = wrapper.application; includeInIndex = 0; path = "HomeWork N2(4).app"; sourceTree = BUILT_PRODUCTS_DIR; };
		AF010303295E2D8500D36F40 /* AppDelegate.swift */ = {isa = PBXFileReference; lastKnownFileType = sourcecode.swift; path = AppDelegate.swift; sourceTree = "<group>"; };
		AF010305295E2D8500D36F40 /* SceneDelegate.swift */ = {isa = PBXFileReference; lastKnownFileType = sourcecode.swift; path = SceneDelegate.swift; sourceTree = "<group>"; };
		AF010307295E2D8500D36F40 /* ViewController.swift */ = {isa = PBXFileReference; lastKnownFileType = sourcecode.swift; path = ViewController.swift; sourceTree = "<group>"; };
		AF01030A295E2D8500D36F40 /* Base */ = {isa = PBXFileReference; lastKnownFileType = file.storyboard; name = Base; path = Base.lproj/Main.storyboard; sourceTree = "<group>"; };
		AF01030C295E2D8700D36F40 /* Assets.xcassets */ = {isa = PBXFileReference; lastKnownFileType = folder.assetcatalog; path = Assets.xcassets; sourceTree = "<group>"; };
		AF01030F295E2D8700D36F40 /* Base */ = {isa = PBXFileReference; lastKnownFileType = file.storyboard; name = Base; path = Base.lproj/LaunchScreen.storyboard; sourceTree = "<group>"; };
		AF010311295E2D8700D36F40 /* Info.plist */ = {isa = PBXFileReference; lastKnownFileType = text.plist.xml; path = Info.plist; sourceTree = "<group>"; };
		AF010316295E2D8700D36F40 /* HomeWork N2(4)Tests.xctest */ = {isa = PBXFileReference; explicitFileType = wrapper.cfbundle; includeInIndex = 0; path = "HomeWork N2(4)Tests.xctest"; sourceTree = BUILT_PRODUCTS_DIR; };
		AF01031A295E2D8700D36F40 /* HomeWork_N2_4_Tests.swift */ = {isa = PBXFileReference; lastKnownFileType = sourcecode.swift; path = HomeWork_N2_4_Tests.swift; sourceTree = "<group>"; };
		AF010320295E2D8700D36F40 /* HomeWork N2(4)UITests.xctest */ = {isa = PBXFileReference; explicitFileType = wrapper.cfbundle; includeInIndex = 0; path = "HomeWork N2(4)UITests.xctest"; sourceTree = BUILT_PRODUCTS_DIR; };
		AF010324295E2D8700D36F40 /* HomeWork_N2_4_UITests.swift */ = {isa = PBXFileReference; lastKnownFileType = sourcecode.swift; path = HomeWork_N2_4_UITests.swift; sourceTree = "<group>"; };
		AF010326295E2D8700D36F40 /* HomeWork_N2_4_UITestsLaunchTests.swift */ = {isa = PBXFileReference; lastKnownFileType = sourcecode.swift; path = HomeWork_N2_4_UITestsLaunchTests.swift; sourceTree = "<group>"; };
		AF010333295E2F1700D36F40 /* User.swift */ = {isa = PBXFileReference; lastKnownFileType = sourcecode.swift; path = User.swift; sourceTree = "<group>"; };
		AF010335295E2F3900D36F40 /* ProfileView.swift */ = {isa = PBXFileReference; lastKnownFileType = sourcecode.swift; path = ProfileView.swift; sourceTree = "<group>"; };
		AF010337295E2FCA00D36F40 /* NetworkManager.swift */ = {isa = PBXFileReference; lastKnownFileType = sourcecode.swift; path = NetworkManager.swift; sourceTree = "<group>"; };
		AF010339295E300B00D36F40 /* BeerDescritionVC.swift */ = {isa = PBXFileReference; lastKnownFileType = sourcecode.swift; path = BeerDescritionVC.swift; sourceTree = "<group>"; };
		AF01033B295E302700D36F40 /* Beer.swift */ = {isa = PBXFileReference; lastKnownFileType = sourcecode.swift; path = Beer.swift; sourceTree = "<group>"; };
		AF01033E295E306000D36F40 /* AuthModel.swift */ = {isa = PBXFileReference; lastKnownFileType = sourcecode.swift; path = AuthModel.swift; sourceTree = "<group>"; };
		AF010340295E308100D36F40 /* AuthController.swift */ = {isa = PBXFileReference; lastKnownFileType = sourcecode.swift; path = AuthController.swift; sourceTree = "<group>"; };
		C6F32ECA9E47B36DF2EA9C45 /* Pods-HomeWork N2(4).debug.xcconfig */ = {isa = PBXFileReference; includeInIndex = 1; lastKnownFileType = text.xcconfig; name = "Pods-HomeWork N2(4).debug.xcconfig"; path = "Target Support Files/Pods-HomeWork N2(4)/Pods-HomeWork N2(4).debug.xcconfig"; sourceTree = "<group>"; };
		DD3E6CBAADEAABC6E20967B3 /* Pods-HomeWork N2(4)-HomeWork N2(4)UITests.debug.xcconfig */ = {isa = PBXFileReference; includeInIndex = 1; lastKnownFileType = text.xcconfig; name = "Pods-HomeWork N2(4)-HomeWork N2(4)UITests.debug.xcconfig"; path = "Target Support Files/Pods-HomeWork N2(4)-HomeWork N2(4)UITests/Pods-HomeWork N2(4)-HomeWork N2(4)UITests.debug.xcconfig"; sourceTree = "<group>"; };
/* End PBXFileReference section */

/* Begin PBXFrameworksBuildPhase section */
		AF0102FD295E2D8500D36F40 /* Frameworks */ = {
			isa = PBXFrameworksBuildPhase;
			buildActionMask = 2147483647;
			files = (
				3E886F424F002C790A5E91CB /* Pods_HomeWork_N2_4_.framework in Frameworks */,
			);
			runOnlyForDeploymentPostprocessing = 0;
		};
		AF010313295E2D8700D36F40 /* Frameworks */ = {
			isa = PBXFrameworksBuildPhase;
			buildActionMask = 2147483647;
			files = (
				BCFD9AADB612776ABADEB275 /* Pods_HomeWork_N2_4_Tests.framework in Frameworks */,
			);
			runOnlyForDeploymentPostprocessing = 0;
		};
		AF01031D295E2D8700D36F40 /* Frameworks */ = {
			isa = PBXFrameworksBuildPhase;
			buildActionMask = 2147483647;
			files = (
				EBA58B1D740E62DC0C89B3E6 /* Pods_HomeWork_N2_4__HomeWork_N2_4_UITests.framework in Frameworks */,
			);
			runOnlyForDeploymentPostprocessing = 0;
		};
/* End PBXFrameworksBuildPhase section */

/* Begin PBXGroup section */
		8D7DB7C10F94658607A44DA0 /* Pods */ = {
			isa = PBXGroup;
			children = (
				C6F32ECA9E47B36DF2EA9C45 /* Pods-HomeWork N2(4).debug.xcconfig */,
				16A9A9176B69FA5D06562DE4 /* Pods-HomeWork N2(4).release.xcconfig */,
				DD3E6CBAADEAABC6E20967B3 /* Pods-HomeWork N2(4)-HomeWork N2(4)UITests.debug.xcconfig */,
				A007C0C74BB3D5858A775939 /* Pods-HomeWork N2(4)-HomeWork N2(4)UITests.release.xcconfig */,
				1053660A2EDAC6B92EAC397F /* Pods-HomeWork N2(4)Tests.debug.xcconfig */,
				8B34565563B833DFC18A8081 /* Pods-HomeWork N2(4)Tests.release.xcconfig */,
			);
			path = Pods;
			sourceTree = "<group>";
		};
		9E2307208150825250BAE746 /* Frameworks */ = {
			isa = PBXGroup;
			children = (
				4CB4F5AA03A40036FF6D8D36 /* Pods_HomeWork_N2_4_.framework */,
				3C3CBF5CF371B16012506B70 /* Pods_HomeWork_N2_4__HomeWork_N2_4_UITests.framework */,
				971712DB098D2C43CDCB94B4 /* Pods_HomeWork_N2_4_Tests.framework */,
			);
			name = Frameworks;
			sourceTree = "<group>";
		};
		AF0102F7295E2D8500D36F40 = {
			isa = PBXGroup;
			children = (
				AF010302295E2D8500D36F40 /* HomeWork N2(4) */,
				AF010319295E2D8700D36F40 /* HomeWork N2(4)Tests */,
				AF010323295E2D8700D36F40 /* HomeWork N2(4)UITests */,
				AF010301295E2D8500D36F40 /* Products */,
				8D7DB7C10F94658607A44DA0 /* Pods */,
				9E2307208150825250BAE746 /* Frameworks */,
			);
			sourceTree = "<group>";
		};
		AF010301295E2D8500D36F40 /* Products */ = {
			isa = PBXGroup;
			children = (
				AF010300295E2D8500D36F40 /* HomeWork N2(4).app */,
				AF010316295E2D8700D36F40 /* HomeWork N2(4)Tests.xctest */,
				AF010320295E2D8700D36F40 /* HomeWork N2(4)UITests.xctest */,
			);
			name = Products;
			sourceTree = "<group>";
		};
		AF010302295E2D8500D36F40 /* HomeWork N2(4) */ = {
			isa = PBXGroup;
			children = (
				AF01033D295E304E00D36F40 /* New Group */,
				AF010303295E2D8500D36F40 /* AppDelegate.swift */,
				AF010305295E2D8500D36F40 /* SceneDelegate.swift */,
				AF010307295E2D8500D36F40 /* ViewController.swift */,
				AF010333295E2F1700D36F40 /* User.swift */,
				AF010335295E2F3900D36F40 /* ProfileView.swift */,
				AF01033B295E302700D36F40 /* Beer.swift */,
				AF010337295E2FCA00D36F40 /* NetworkManager.swift */,
				AF010309295E2D8500D36F40 /* Main.storyboard */,
				AF010339295E300B00D36F40 /* BeerDescritionVC.swift */,
				AF01030C295E2D8700D36F40 /* Assets.xcassets */,
				AF01030E295E2D8700D36F40 /* LaunchScreen.storyboard */,
				AF010311295E2D8700D36F40 /* Info.plist */,
			);
			path = "HomeWork N2(4)";
			sourceTree = "<group>";
		};
		AF010319295E2D8700D36F40 /* HomeWork N2(4)Tests */ = {
			isa = PBXGroup;
			children = (
				AF01031A295E2D8700D36F40 /* HomeWork_N2_4_Tests.swift */,
			);
			path = "HomeWork N2(4)Tests";
			sourceTree = "<group>";
		};
		AF010323295E2D8700D36F40 /* HomeWork N2(4)UITests */ = {
			isa = PBXGroup;
			children = (
				AF010324295E2D8700D36F40 /* HomeWork_N2_4_UITests.swift */,
				AF010326295E2D8700D36F40 /* HomeWork_N2_4_UITestsLaunchTests.swift */,
			);
			path = "HomeWork N2(4)UITests";
			sourceTree = "<group>";
		};
		AF01033D295E304E00D36F40 /* New Group */ = {
			isa = PBXGroup;
			children = (
				AF01033E295E306000D36F40 /* AuthModel.swift */,
				AF010340295E308100D36F40 /* AuthController.swift */,
			);
			path = "New Group";
			sourceTree = "<group>";
		};
/* End PBXGroup section */

/* Begin PBXNativeTarget section */
		AF0102FF295E2D8500D36F40 /* HomeWork N2(4) */ = {
			isa = PBXNativeTarget;
			buildConfigurationList = AF01032A295E2D8700D36F40 /* Build configuration list for PBXNativeTarget "HomeWork N2(4)" */;
			buildPhases = (
				ACEBA2EC14B1D1E30BC1CE9D /* [CP] Check Pods Manifest.lock */,
				AF0102FC295E2D8500D36F40 /* Sources */,
				AF0102FD295E2D8500D36F40 /* Frameworks */,
				AF0102FE295E2D8500D36F40 /* Resources */,
				2074326C351191F4D7C2A825 /* [CP] Embed Pods Frameworks */,
			);
			buildRules = (
			);
			dependencies = (
			);
			name = "HomeWork N2(4)";
			productName = "HomeWork N2(4)";
			productReference = AF010300295E2D8500D36F40 /* HomeWork N2(4).app */;
			productType = "com.apple.product-type.application";
		};
		AF010315295E2D8700D36F40 /* HomeWork N2(4)Tests */ = {
			isa = PBXNativeTarget;
			buildConfigurationList = AF01032D295E2D8700D36F40 /* Build configuration list for PBXNativeTarget "HomeWork N2(4)Tests" */;
			buildPhases = (
				2F31BC025FA8CEC2BD893AA5 /* [CP] Check Pods Manifest.lock */,
				AF010312295E2D8700D36F40 /* Sources */,
				AF010313295E2D8700D36F40 /* Frameworks */,
				AF010314295E2D8700D36F40 /* Resources */,
				03F8826320BE326EF59EF555 /* [CP] Embed Pods Frameworks */,
			);
			buildRules = (
			);
			dependencies = (
				AF010318295E2D8700D36F40 /* PBXTargetDependency */,
			);
			name = "HomeWork N2(4)Tests";
			productName = "HomeWork N2(4)Tests";
			productReference = AF010316295E2D8700D36F40 /* HomeWork N2(4)Tests.xctest */;
			productType = "com.apple.product-type.bundle.unit-test";
		};
		AF01031F295E2D8700D36F40 /* HomeWork N2(4)UITests */ = {
			isa = PBXNativeTarget;
			buildConfigurationList = AF010330295E2D8700D36F40 /* Build configuration list for PBXNativeTarget "HomeWork N2(4)UITests" */;
			buildPhases = (
				714E07EAB0AD2F38EC83909B /* [CP] Check Pods Manifest.lock */,
				AF01031C295E2D8700D36F40 /* Sources */,
				AF01031D295E2D8700D36F40 /* Frameworks */,
				AF01031E295E2D8700D36F40 /* Resources */,
				E1349F43B5E2095E14E2D598 /* [CP] Embed Pods Frameworks */,
			);
			buildRules = (
			);
			dependencies = (
				AF010322295E2D8700D36F40 /* PBXTargetDependency */,
			);
			name = "HomeWork N2(4)UITests";
			productName = "HomeWork N2(4)UITests";
			productReference = AF010320295E2D8700D36F40 /* HomeWork N2(4)UITests.xctest */;
			productType = "com.apple.product-type.bundle.ui-testing";
		};
/* End PBXNativeTarget section */

/* Begin PBXProject section */
		AF0102F8295E2D8500D36F40 /* Project object */ = {
			isa = PBXProject;
			attributes = {
				BuildIndependentTargetsInParallel = 1;
				LastSwiftUpdateCheck = 1420;
				LastUpgradeCheck = 1420;
				TargetAttributes = {
					AF0102FF295E2D8500D36F40 = {
						CreatedOnToolsVersion = 14.2;
					};
					AF010315295E2D8700D36F40 = {
						CreatedOnToolsVersion = 14.2;
						TestTargetID = AF0102FF295E2D8500D36F40;
					};
					AF01031F295E2D8700D36F40 = {
						CreatedOnToolsVersion = 14.2;
						TestTargetID = AF0102FF295E2D8500D36F40;
					};
				};
			};
			buildConfigurationList = AF0102FB295E2D8500D36F40 /* Build configuration list for PBXProject "HomeWork N2(4)" */;
			compatibilityVersion = "Xcode 14.0";
			developmentRegion = en;
			hasScannedForEncodings = 0;
			knownRegions = (
				en,
				Base,
			);
			mainGroup = AF0102F7295E2D8500D36F40;
			productRefGroup = AF010301295E2D8500D36F40 /* Products */;
			projectDirPath = "";
			projectRoot = "";
			targets = (
				AF0102FF295E2D8500D36F40 /* HomeWork N2(4) */,
				AF010315295E2D8700D36F40 /* HomeWork N2(4)Tests */,
				AF01031F295E2D8700D36F40 /* HomeWork N2(4)UITests */,
			);
		};
/* End PBXProject section */

/* Begin PBXResourcesBuildPhase section */
		AF0102FE295E2D8500D36F40 /* Resources */ = {
			isa = PBXResourcesBuildPhase;
			buildActionMask = 2147483647;
			files = (
				AF010310295E2D8700D36F40 /* LaunchScreen.storyboard in Resources */,
				AF01030D295E2D8700D36F40 /* Assets.xcassets in Resources */,
				AF01030B295E2D8500D36F40 /* Main.storyboard in Resources */,
			);
			runOnlyForDeploymentPostprocessing = 0;
		};
		AF010314295E2D8700D36F40 /* Resources */ = {
			isa = PBXResourcesBuildPhase;
			buildActionMask = 2147483647;
			files = (
			);
			runOnlyForDeploymentPostprocessing = 0;
		};
		AF01031E295E2D8700D36F40 /* Resources */ = {
			isa = PBXResourcesBuildPhase;
			buildActionMask = 2147483647;
			files = (
			);
			runOnlyForDeploymentPostprocessing = 0;
		};
/* End PBXResourcesBuildPhase section */

/* Begin PBXShellScriptBuildPhase section */
		03F8826320BE326EF59EF555 /* [CP] Embed Pods Frameworks */ = {
			isa = PBXShellScriptBuildPhase;
			buildActionMask = 2147483647;
			files = (
			);
			inputFileListPaths = (
				"${PODS_ROOT}/Target Support Files/Pods-HomeWork N2(4)Tests/Pods-HomeWork N2(4)Tests-frameworks-${CONFIGURATION}-input-files.xcfilelist",
			);
			name = "[CP] Embed Pods Frameworks";
			outputFileListPaths = (
				"${PODS_ROOT}/Target Support Files/Pods-HomeWork N2(4)Tests/Pods-HomeWork N2(4)Tests-frameworks-${CONFIGURATION}-output-files.xcfilelist",
			);
			runOnlyForDeploymentPostprocessing = 0;
			shellPath = /bin/sh;
			shellScript = "\"${PODS_ROOT}/Target Support Files/Pods-HomeWork N2(4)Tests/Pods-HomeWork N2(4)Tests-frameworks.sh\"\n";
			showEnvVarsInLog = 0;
		};
		2074326C351191F4D7C2A825 /* [CP] Embed Pods Frameworks */ = {
			isa = PBXShellScriptBuildPhase;
			buildActionMask = 2147483647;
			files = (
			);
			inputFileListPaths = (
				"${PODS_ROOT}/Target Support Files/Pods-HomeWork N2(4)/Pods-HomeWork N2(4)-frameworks-${CONFIGURATION}-input-files.xcfilelist",
			);
			name = "[CP] Embed Pods Frameworks";
			outputFileListPaths = (
				"${PODS_ROOT}/Target Support Files/Pods-HomeWork N2(4)/Pods-HomeWork N2(4)-frameworks-${CONFIGURATION}-output-files.xcfilelist",
			);
			runOnlyForDeploymentPostprocessing = 0;
			shellPath = /bin/sh;
			shellScript = "\"${PODS_ROOT}/Target Support Files/Pods-HomeWork N2(4)/Pods-HomeWork N2(4)-frameworks.sh\"\n";
			showEnvVarsInLog = 0;
		};
		2F31BC025FA8CEC2BD893AA5 /* [CP] Check Pods Manifest.lock */ = {
			isa = PBXShellScriptBuildPhase;
			buildActionMask = 2147483647;
			files = (
			);
			inputFileListPaths = (
			);
			inputPaths = (
				"${PODS_PODFILE_DIR_PATH}/Podfile.lock",
				"${PODS_ROOT}/Manifest.lock",
			);
			name = "[CP] Check Pods Manifest.lock";
			outputFileListPaths = (
			);
			outputPaths = (
				"$(DERIVED_FILE_DIR)/Pods-HomeWork N2(4)Tests-checkManifestLockResult.txt",
			);
			runOnlyForDeploymentPostprocessing = 0;
			shellPath = /bin/sh;
			shellScript = "diff \"${PODS_PODFILE_DIR_PATH}/Podfile.lock\" \"${PODS_ROOT}/Manifest.lock\" > /dev/null\nif [ $? != 0 ] ; then\n    # print error to STDERR\n    echo \"error: The sandbox is not in sync with the Podfile.lock. Run 'pod install' or update your CocoaPods installation.\" >&2\n    exit 1\nfi\n# This output is used by Xcode 'outputs' to avoid re-running this script phase.\necho \"SUCCESS\" > \"${SCRIPT_OUTPUT_FILE_0}\"\n";
			showEnvVarsInLog = 0;
		};
		714E07EAB0AD2F38EC83909B /* [CP] Check Pods Manifest.lock */ = {
			isa = PBXShellScriptBuildPhase;
			buildActionMask = 2147483647;
			files = (
			);
			inputFileListPaths = (
			);
			inputPaths = (
				"${PODS_PODFILE_DIR_PATH}/Podfile.lock",
				"${PODS_ROOT}/Manifest.lock",
			);
			name = "[CP] Check Pods Manifest.lock";
			outputFileListPaths = (
			);
			outputPaths = (
				"$(DERIVED_FILE_DIR)/Pods-HomeWork N2(4)-HomeWork N2(4)UITests-checkManifestLockResult.txt",
			);
			runOnlyForDeploymentPostprocessing = 0;
			shellPath = /bin/sh;
			shellScript = "diff \"${PODS_PODFILE_DIR_PATH}/Podfile.lock\" \"${PODS_ROOT}/Manifest.lock\" > /dev/null\nif [ $? != 0 ] ; then\n    # print error to STDERR\n    echo \"error: The sandbox is not in sync with the Podfile.lock. Run 'pod install' or update your CocoaPods installation.\" >&2\n    exit 1\nfi\n# This output is used by Xcode 'outputs' to avoid re-running this script phase.\necho \"SUCCESS\" > \"${SCRIPT_OUTPUT_FILE_0}\"\n";
			showEnvVarsInLog = 0;
		};
		ACEBA2EC14B1D1E30BC1CE9D /* [CP] Check Pods Manifest.lock */ = {
			isa = PBXShellScriptBuildPhase;
			buildActionMask = 2147483647;
			files = (
			);
			inputFileListPaths = (
			);
			inputPaths = (
				"${PODS_PODFILE_DIR_PATH}/Podfile.lock",
				"${PODS_ROOT}/Manifest.lock",
			);
			name = "[CP] Check Pods Manifest.lock";
			outputFileListPaths = (
			);
			outputPaths = (
				"$(DERIVED_FILE_DIR)/Pods-HomeWork N2(4)-checkManifestLockResult.txt",
			);
			runOnlyForDeploymentPostprocessing = 0;
			shellPath = /bin/sh;
			shellScript = "diff \"${PODS_PODFILE_DIR_PATH}/Podfile.lock\" \"${PODS_ROOT}/Manifest.lock\" > /dev/null\nif [ $? != 0 ] ; then\n    # print error to STDERR\n    echo \"error: The sandbox is not in sync with the Podfile.lock. Run 'pod install' or update your CocoaPods installation.\" >&2\n    exit 1\nfi\n# This output is used by Xcode 'outputs' to avoid re-running this script phase.\necho \"SUCCESS\" > \"${SCRIPT_OUTPUT_FILE_0}\"\n";
			showEnvVarsInLog = 0;
		};
		E1349F43B5E2095E14E2D598 /* [CP] Embed Pods Frameworks */ = {
			isa = PBXShellScriptBuildPhase;
			buildActionMask = 2147483647;
			files = (
			);
			inputFileListPaths = (
				"${PODS_ROOT}/Target Support Files/Pods-HomeWork N2(4)-HomeWork N2(4)UITests/Pods-HomeWork N2(4)-HomeWork N2(4)UITests-frameworks-${CONFIGURATION}-input-files.xcfilelist",
			);
			name = "[CP] Embed Pods Frameworks";
			outputFileListPaths = (
				"${PODS_ROOT}/Target Support Files/Pods-HomeWork N2(4)-HomeWork N2(4)UITests/Pods-HomeWork N2(4)-HomeWork N2(4)UITests-frameworks-${CONFIGURATION}-output-files.xcfilelist",
			);
			runOnlyForDeploymentPostprocessing = 0;
			shellPath = /bin/sh;
			shellScript = "\"${PODS_ROOT}/Target Support Files/Pods-HomeWork N2(4)-HomeWork N2(4)UITests/Pods-HomeWork N2(4)-HomeWork N2(4)UITests-frameworks.sh\"\n";
			showEnvVarsInLog = 0;
		};
/* End PBXShellScriptBuildPhase section */

/* Begin PBXSourcesBuildPhase section */
		AF0102FC295E2D8500D36F40 /* Sources */ = {
			isa = PBXSourcesBuildPhase;
			buildActionMask = 2147483647;
			files = (
				AF010338295E2FCA00D36F40 /* NetworkManager.swift in Sources */,
				AF010334295E2F1700D36F40 /* User.swift in Sources */,
				AF010308295E2D8500D36F40 /* ViewController.swift in Sources */,
				AF01033A295E300B00D36F40 /* BeerDescritionVC.swift in Sources */,
				AF010336295E2F3900D36F40 /* ProfileView.swift in Sources */,
				AF01033C295E302700D36F40 /* Beer.swift in Sources */,
				AF010304295E2D8500D36F40 /* AppDelegate.swift in Sources */,
				AF010341295E308100D36F40 /* AuthController.swift in Sources */,
				AF010306295E2D8500D36F40 /* SceneDelegate.swift in Sources */,
				AF01033F295E306000D36F40 /* AuthModel.swift in Sources */,
			);
			runOnlyForDeploymentPostprocessing = 0;
		};
		AF010312295E2D8700D36F40 /* Sources */ = {
			isa = PBXSourcesBuildPhase;
			buildActionMask = 2147483647;
			files = (
				AF01031B295E2D8700D36F40 /* HomeWork_N2_4_Tests.swift in Sources */,
			);
			runOnlyForDeploymentPostprocessing = 0;
		};
		AF01031C295E2D8700D36F40 /* Sources */ = {
			isa = PBXSourcesBuildPhase;
			buildActionMask = 2147483647;
			files = (
				AF010325295E2D8700D36F40 /* HomeWork_N2_4_UITests.swift in Sources */,
				AF010327295E2D8700D36F40 /* HomeWork_N2_4_UITestsLaunchTests.swift in Sources */,
			);
			runOnlyForDeploymentPostprocessing = 0;
		};
/* End PBXSourcesBuildPhase section */

/* Begin PBXTargetDependency section */
		AF010318295E2D8700D36F40 /* PBXTargetDependency */ = {
			isa = PBXTargetDependency;
			target = AF0102FF295E2D8500D36F40 /* HomeWork N2(4) */;
			targetProxy = AF010317295E2D8700D36F40 /* PBXContainerItemProxy */;
		};
		AF010322295E2D8700D36F40 /* PBXTargetDependency */ = {
			isa = PBXTargetDependency;
			target = AF0102FF295E2D8500D36F40 /* HomeWork N2(4) */;
			targetProxy = AF010321295E2D8700D36F40 /* PBXContainerItemProxy */;
		};
/* End PBXTargetDependency section */

/* Begin PBXVariantGroup section */
		AF010309295E2D8500D36F40 /* Main.storyboard */ = {
			isa = PBXVariantGroup;
			children = (
				AF01030A295E2D8500D36F40 /* Base */,
			);
			name = Main.storyboard;
			sourceTree = "<group>";
		};
		AF01030E295E2D8700D36F40 /* LaunchScreen.storyboard */ = {
			isa = PBXVariantGroup;
			children = (
				AF01030F295E2D8700D36F40 /* Base */,
			);
			name = LaunchScreen.storyboard;
			sourceTree = "<group>";
		};
/* End PBXVariantGroup section */

/* Begin XCBuildConfiguration section */
		AF010328295E2D8700D36F40 /* Debug */ = {
			isa = XCBuildConfiguration;
			buildSettings = {
				ALWAYS_SEARCH_USER_PATHS = NO;
				CLANG_ANALYZER_NONNULL = YES;
				CLANG_ANALYZER_NUMBER_OBJECT_CONVERSION = YES_AGGRESSIVE;
				CLANG_CXX_LANGUAGE_STANDARD = "gnu++20";
				CLANG_ENABLE_MODULES = YES;
				CLANG_ENABLE_OBJC_ARC = YES;
				CLANG_ENABLE_OBJC_WEAK = YES;
				CLANG_WARN_BLOCK_CAPTURE_AUTORELEASING = YES;
				CLANG_WARN_BOOL_CONVERSION = YES;
				CLANG_WARN_COMMA = YES;
				CLANG_WARN_CONSTANT_CONVERSION = YES;
				CLANG_WARN_DEPRECATED_OBJC_IMPLEMENTATIONS = YES;
				CLANG_WARN_DIRECT_OBJC_ISA_USAGE = YES_ERROR;
				CLANG_WARN_DOCUMENTATION_COMMENTS = YES;
				CLANG_WARN_EMPTY_BODY = YES;
				CLANG_WARN_ENUM_CONVERSION = YES;
				CLANG_WARN_INFINITE_RECURSION = YES;
				CLANG_WARN_INT_CONVERSION = YES;
				CLANG_WARN_NON_LITERAL_NULL_CONVERSION = YES;
				CLANG_WARN_OBJC_IMPLICIT_RETAIN_SELF = YES;
				CLANG_WARN_OBJC_LITERAL_CONVERSION = YES;
				CLANG_WARN_OBJC_ROOT_CLASS = YES_ERROR;
				CLANG_WARN_QUOTED_INCLUDE_IN_FRAMEWORK_HEADER = YES;
				CLANG_WARN_RANGE_LOOP_ANALYSIS = YES;
				CLANG_WARN_STRICT_PROTOTYPES = YES;
				CLANG_WARN_SUSPICIOUS_MOVE = YES;
				CLANG_WARN_UNGUARDED_AVAILABILITY = YES_AGGRESSIVE;
				CLANG_WARN_UNREACHABLE_CODE = YES;
				CLANG_WARN__DUPLICATE_METHOD_MATCH = YES;
				COPY_PHASE_STRIP = NO;
				DEBUG_INFORMATION_FORMAT = dwarf;
				ENABLE_STRICT_OBJC_MSGSEND = YES;
				ENABLE_TESTABILITY = YES;
				GCC_C_LANGUAGE_STANDARD = gnu11;
				GCC_DYNAMIC_NO_PIC = NO;
				GCC_NO_COMMON_BLOCKS = YES;
				GCC_OPTIMIZATION_LEVEL = 0;
				GCC_PREPROCESSOR_DEFINITIONS = (
					"DEBUG=1",
					"$(inherited)",
				);
				GCC_WARN_64_TO_32_BIT_CONVERSION = YES;
				GCC_WARN_ABOUT_RETURN_TYPE = YES_ERROR;
				GCC_WARN_UNDECLARED_SELECTOR = YES;
				GCC_WARN_UNINITIALIZED_AUTOS = YES_AGGRESSIVE;
				GCC_WARN_UNUSED_FUNCTION = YES;
				GCC_WARN_UNUSED_VARIABLE = YES;
				IPHONEOS_DEPLOYMENT_TARGET = 16.2;
				MTL_ENABLE_DEBUG_INFO = INCLUDE_SOURCE;
				MTL_FAST_MATH = YES;
				ONLY_ACTIVE_ARCH = YES;
				SDKROOT = iphoneos;
				SWIFT_ACTIVE_COMPILATION_CONDITIONS = DEBUG;
				SWIFT_OPTIMIZATION_LEVEL = "-Onone";
			};
			name = Debug;
		};
		AF010329295E2D8700D36F40 /* Release */ = {
			isa = XCBuildConfiguration;
			buildSettings = {
				ALWAYS_SEARCH_USER_PATHS = NO;
				CLANG_ANALYZER_NONNULL = YES;
				CLANG_ANALYZER_NUMBER_OBJECT_CONVERSION = YES_AGGRESSIVE;
				CLANG_CXX_LANGUAGE_STANDARD = "gnu++20";
				CLANG_ENABLE_MODULES = YES;
				CLANG_ENABLE_OBJC_ARC = YES;
				CLANG_ENABLE_OBJC_WEAK = YES;
				CLANG_WARN_BLOCK_CAPTURE_AUTORELEASING = YES;
				CLANG_WARN_BOOL_CONVERSION = YES;
				CLANG_WARN_COMMA = YES;
				CLANG_WARN_CONSTANT_CONVERSION = YES;
				CLANG_WARN_DEPRECATED_OBJC_IMPLEMENTATIONS = YES;
				CLANG_WARN_DIRECT_OBJC_ISA_USAGE = YES_ERROR;
				CLANG_WARN_DOCUMENTATION_COMMENTS = YES;
				CLANG_WARN_EMPTY_BODY = YES;
				CLANG_WARN_ENUM_CONVERSION = YES;
				CLANG_WARN_INFINITE_RECURSION = YES;
				CLANG_WARN_INT_CONVERSION = YES;
				CLANG_WARN_NON_LITERAL_NULL_CONVERSION = YES;
				CLANG_WARN_OBJC_IMPLICIT_RETAIN_SELF = YES;
				CLANG_WARN_OBJC_LITERAL_CONVERSION = YES;
				CLANG_WARN_OBJC_ROOT_CLASS = YES_ERROR;
				CLANG_WARN_QUOTED_INCLUDE_IN_FRAMEWORK_HEADER = YES;
				CLANG_WARN_RANGE_LOOP_ANALYSIS = YES;
				CLANG_WARN_STRICT_PROTOTYPES = YES;
				CLANG_WARN_SUSPICIOUS_MOVE = YES;
				CLANG_WARN_UNGUARDED_AVAILABILITY = YES_AGGRESSIVE;
				CLANG_WARN_UNREACHABLE_CODE = YES;
				CLANG_WARN__DUPLICATE_METHOD_MATCH = YES;
				COPY_PHASE_STRIP = NO;
				DEBUG_INFORMATION_FORMAT = "dwarf-with-dsym";
				ENABLE_NS_ASSERTIONS = NO;
				ENABLE_STRICT_OBJC_MSGSEND = YES;
				GCC_C_LANGUAGE_STANDARD = gnu11;
				GCC_NO_COMMON_BLOCKS = YES;
				GCC_WARN_64_TO_32_BIT_CONVERSION = YES;
				GCC_WARN_ABOUT_RETURN_TYPE = YES_ERROR;
				GCC_WARN_UNDECLARED_SELECTOR = YES;
				GCC_WARN_UNINITIALIZED_AUTOS = YES_AGGRESSIVE;
				GCC_WARN_UNUSED_FUNCTION = YES;
				GCC_WARN_UNUSED_VARIABLE = YES;
				IPHONEOS_DEPLOYMENT_TARGET = 16.2;
				MTL_ENABLE_DEBUG_INFO = NO;
				MTL_FAST_MATH = YES;
				SDKROOT = iphoneos;
				SWIFT_COMPILATION_MODE = wholemodule;
				SWIFT_OPTIMIZATION_LEVEL = "-O";
				VALIDATE_PRODUCT = YES;
			};
			name = Release;
		};
		AF01032B295E2D8700D36F40 /* Debug */ = {
			isa = XCBuildConfiguration;
			baseConfigurationReference = C6F32ECA9E47B36DF2EA9C45 /* Pods-HomeWork N2(4).debug.xcconfig */;
			buildSettings = {
				ASSETCATALOG_COMPILER_APPICON_NAME = AppIcon;
				ASSETCATALOG_COMPILER_GLOBAL_ACCENT_COLOR_NAME = AccentColor;
				CODE_SIGN_STYLE = Automatic;
				CURRENT_PROJECT_VERSION = 1;
				DEVELOPMENT_TEAM = BMD94AYGB8;
				GENERATE_INFOPLIST_FILE = YES;
				INFOPLIST_FILE = "HomeWork N2(4)/Info.plist";
				INFOPLIST_KEY_UIApplicationSupportsIndirectInputEvents = YES;
				INFOPLIST_KEY_UILaunchStoryboardName = LaunchScreen;
				INFOPLIST_KEY_UIMainStoryboardFile = Main;
				INFOPLIST_KEY_UISupportedInterfaceOrientations_iPad = "UIInterfaceOrientationPortrait UIInterfaceOrientationPortraitUpsideDown UIInterfaceOrientationLandscapeLeft UIInterfaceOrientationLandscapeRight";
				INFOPLIST_KEY_UISupportedInterfaceOrientations_iPhone = "UIInterfaceOrientationPortrait UIInterfaceOrientationLandscapeLeft UIInterfaceOrientationLandscapeRight";
				LD_RUNPATH_SEARCH_PATHS = (
					"$(inherited)",
					"@executable_path/Frameworks",
				);
				MARKETING_VERSION = 1.0;
				PRODUCT_BUNDLE_IDENTIFIER = "w.HomeWork-N2-4-";
				PRODUCT_NAME = "$(TARGET_NAME)";
				SWIFT_EMIT_LOC_STRINGS = YES;
				SWIFT_VERSION = 5.0;
				TARGETED_DEVICE_FAMILY = "1,2";
			};
			name = Debug;
		};
		AF01032C295E2D8700D36F40 /* Release */ = {
			isa = XCBuildConfiguration;
			baseConfigurationReference = 16A9A9176B69FA5D06562DE4 /* Pods-HomeWork N2(4).release.xcconfig */;
			buildSettings = {
				ASSETCATALOG_COMPILER_APPICON_NAME = AppIcon;
				ASSETCATALOG_COMPILER_GLOBAL_ACCENT_COLOR_NAME = AccentColor;
				CODE_SIGN_STYLE = Automatic;
				CURRENT_PROJECT_VERSION = 1;
				DEVELOPMENT_TEAM = BMD94AYGB8;
				GENERATE_INFOPLIST_FILE = YES;
				INFOPLIST_FILE = "HomeWork N2(4)/Info.plist";
				INFOPLIST_KEY_UIApplicationSupportsIndirectInputEvents = YES;
				INFOPLIST_KEY_UILaunchStoryboardName = LaunchScreen;
				INFOPLIST_KEY_UIMainStoryboardFile = Main;
				INFOPLIST_KEY_UISupportedInterfaceOrientations_iPad = "UIInterfaceOrientationPortrait UIInterfaceOrientationPortraitUpsideDown UIInterfaceOrientationLandscapeLeft UIInterfaceOrientationLandscapeRight";
				INFOPLIST_KEY_UISupportedInterfaceOrientations_iPhone = "UIInterfaceOrientationPortrait UIInterfaceOrientationLandscapeLeft UIInterfaceOrientationLandscapeRight";
				LD_RUNPATH_SEARCH_PATHS = (
					"$(inherited)",
					"@executable_path/Frameworks",
				);
				MARKETING_VERSION = 1.0;
				PRODUCT_BUNDLE_IDENTIFIER = "w.HomeWork-N2-4-";
				PRODUCT_NAME = "$(TARGET_NAME)";
				SWIFT_EMIT_LOC_STRINGS = YES;
				SWIFT_VERSION = 5.0;
				TARGETED_DEVICE_FAMILY = "1,2";
			};
			name = Release;
		};
		AF01032E295E2D8700D36F40 /* Debug */ = {
			isa = XCBuildConfiguration;
			baseConfigurationReference = 1053660A2EDAC6B92EAC397F /* Pods-HomeWork N2(4)Tests.debug.xcconfig */;
			buildSettings = {
				ALWAYS_EMBED_SWIFT_STANDARD_LIBRARIES = YES;
				BUNDLE_LOADER = "$(TEST_HOST)";
				CODE_SIGN_STYLE = Automatic;
				CURRENT_PROJECT_VERSION = 1;
				DEVELOPMENT_TEAM = BMD94AYGB8;
				GENERATE_INFOPLIST_FILE = YES;
				IPHONEOS_DEPLOYMENT_TARGET = 16.2;
				MARKETING_VERSION = 1.0;
				PRODUCT_BUNDLE_IDENTIFIER = "w.HomeWork-N2-4-Tests";
				PRODUCT_NAME = "$(TARGET_NAME)";
				SWIFT_EMIT_LOC_STRINGS = NO;
				SWIFT_VERSION = 5.0;
				TARGETED_DEVICE_FAMILY = "1,2";
				TEST_HOST = "$(BUILT_PRODUCTS_DIR)/HomeWork N2(4).app/$(BUNDLE_EXECUTABLE_FOLDER_PATH)/HomeWork N2(4)";
			};
			name = Debug;
		};
		AF01032F295E2D8700D36F40 /* Release */ = {
			isa = XCBuildConfiguration;
			baseConfigurationReference = 8B34565563B833DFC18A8081 /* Pods-HomeWork N2(4)Tests.release.xcconfig */;
			buildSettings = {
				ALWAYS_EMBED_SWIFT_STANDARD_LIBRARIES = YES;
				BUNDLE_LOADER = "$(TEST_HOST)";
				CODE_SIGN_STYLE = Automatic;
				CURRENT_PROJECT_VERSION = 1;
				DEVELOPMENT_TEAM = BMD94AYGB8;
				GENERATE_INFOPLIST_FILE = YES;
				IPHONEOS_DEPLOYMENT_TARGET = 16.2;
				MARKETING_VERSION = 1.0;
				PRODUCT_BUNDLE_IDENTIFIER = "w.HomeWork-N2-4-Tests";
				PRODUCT_NAME = "$(TARGET_NAME)";
				SWIFT_EMIT_LOC_STRINGS = NO;
				SWIFT_VERSION = 5.0;
				TARGETED_DEVICE_FAMILY = "1,2";
				TEST_HOST = "$(BUILT_PRODUCTS_DIR)/HomeWork N2(4).app/$(BUNDLE_EXECUTABLE_FOLDER_PATH)/HomeWork N2(4)";
			};
			name = Release;
		};
		AF010331295E2D8700D36F40 /* Debug */ = {
			isa = XCBuildConfiguration;
			baseConfigurationReference = DD3E6CBAADEAABC6E20967B3 /* Pods-HomeWork N2(4)-HomeWork N2(4)UITests.debug.xcconfig */;
			buildSettings = {
				ALWAYS_EMBED_SWIFT_STANDARD_LIBRARIES = YES;
				CODE_SIGN_STYLE = Automatic;
				CURRENT_PROJECT_VERSION = 1;
				DEVELOPMENT_TEAM = BMD94AYGB8;
				GENERATE_INFOPLIST_FILE = YES;
				MARKETING_VERSION = 1.0;
				PRODUCT_BUNDLE_IDENTIFIER = "w.HomeWork-N2-4-UITests";
				PRODUCT_NAME = "$(TARGET_NAME)";
				SWIFT_EMIT_LOC_STRINGS = NO;
				SWIFT_VERSION = 5.0;
				TARGETED_DEVICE_FAMILY = "1,2";
				TEST_TARGET_NAME = "HomeWork N2(4)";
			};
			name = Debug;
		};
		AF010332295E2D8700D36F40 /* Release */ = {
			isa = XCBuildConfiguration;
			baseConfigurationReference = A007C0C74BB3D5858A775939 /* Pods-HomeWork N2(4)-HomeWork N2(4)UITests.release.xcconfig */;
			buildSettings = {
				ALWAYS_EMBED_SWIFT_STANDARD_LIBRARIES = YES;
				CODE_SIGN_STYLE = Automatic;
				CURRENT_PROJECT_VERSION = 1;
				DEVELOPMENT_TEAM = BMD94AYGB8;
				GENERATE_INFOPLIST_FILE = YES;
				MARKETING_VERSION = 1.0;
				PRODUCT_BUNDLE_IDENTIFIER = "w.HomeWork-N2-4-UITests";
				PRODUCT_NAME = "$(TARGET_NAME)";
				SWIFT_EMIT_LOC_STRINGS = NO;
				SWIFT_VERSION = 5.0;
				TARGETED_DEVICE_FAMILY = "1,2";
				TEST_TARGET_NAME = "HomeWork N2(4)";
			};
			name = Release;
		};
/* End XCBuildConfiguration section */

/* Begin XCConfigurationList section */
		AF0102FB295E2D8500D36F40 /* Build configuration list for PBXProject "HomeWork N2(4)" */ = {
			isa = XCConfigurationList;
			buildConfigurations = (
				AF010328295E2D8700D36F40 /* Debug */,
				AF010329295E2D8700D36F40 /* Release */,
			);
			defaultConfigurationIsVisible = 0;
			defaultConfigurationName = Release;
		};
		AF01032A295E2D8700D36F40 /* Build configuration list for PBXNativeTarget "HomeWork N2(4)" */ = {
			isa = XCConfigurationList;
			buildConfigurations = (
				AF01032B295E2D8700D36F40 /* Debug */,
				AF01032C295E2D8700D36F40 /* Release */,
			);
			defaultConfigurationIsVisible = 0;
			defaultConfigurationName = Release;
		};
		AF01032D295E2D8700D36F40 /* Build configuration list for PBXNativeTarget "HomeWork N2(4)Tests" */ = {
			isa = XCConfigurationList;
			buildConfigurations = (
				AF01032E295E2D8700D36F40 /* Debug */,
				AF01032F295E2D8700D36F40 /* Release */,
			);
			defaultConfigurationIsVisible = 0;
			defaultConfigurationName = Release;
		};
		AF010330295E2D8700D36F40 /* Build configuration list for PBXNativeTarget "HomeWork N2(4)UITests" */ = {
			isa = XCConfigurationList;
			buildConfigurations = (
				AF010331295E2D8700D36F40 /* Debug */,
				AF010332295E2D8700D36F40 /* Release */,
			);
			defaultConfigurationIsVisible = 0;
			defaultConfigurationName = Release;
		};
/* End XCConfigurationList section */
	};
	rootObject = AF0102F8295E2D8500D36F40 /* Project object */;
}
